
Microsoft Visual Studio Solution File, Format Version 12.00
Project("{FAE04EC0-301F-11D3-BF4B-00C04F79EFBC}") = "Api", "Api\Api.csproj", "{B7512BC2-2781-4995-970A-F02B3BE23BE2}"
EndProject
Project("{FAE04EC0-301F-11D3-BF4B-00C04F79EFBC}") = "SourceGenerator", "SourceGenerator\SourceGenerator.csproj", "{D12128D0-8E05-4774-9575-45B7AB800FDB}"
EndProject
Project("{FAE04EC0-301F-11D3-BF4B-00C04F79EFBC}") = "Entities", "Entities\Entities.csproj", "{8BC7D427-89DA-4346-8F2E-4C9AA7056183}"
EndProject
Project("{FAE04EC0-301F-11D3-BF4B-00C04F79EFBC}") = "Tests", "Tests\Tests.csproj", "{CA262019-11C8-4F44-8394-1A5887B5E832}"
EndProject
Global
	GlobalSection(SolutionConfigurationPlatforms) = preSolution
		Debug|Any CPU = Debug|Any CPU
		Release|Any CPU = Release|Any CPU
	EndGlobalSection
	GlobalSection(ProjectConfigurationPlatforms) = postSolution
		{B7512BC2-2781-4995-970A-F02B3BE23BE2}.Debug|Any CPU.ActiveCfg = Debug|Any CPU
		{B7512BC2-2781-4995-970A-F02B3BE23BE2}.Debug|Any CPU.Build.0 = Debug|Any CPU
		{B7512BC2-2781-4995-970A-F02B3BE23BE2}.Release|Any CPU.ActiveCfg = Release|Any CPU
		{B7512BC2-2781-4995-970A-F02B3BE23BE2}.Release|Any CPU.Build.0 = Release|Any CPU
		{D12128D0-8E05-4774-9575-45B7AB800FDB}.Debug|Any CPU.ActiveCfg = Debug|Any CPU
		{D12128D0-8E05-4774-9575-45B7AB800FDB}.Debug|Any CPU.Build.0 = Debug|Any CPU
		{D12128D0-8E05-4774-9575-45B7AB800FDB}.Release|Any CPU.ActiveCfg = Release|Any CPU
		{D12128D0-8E05-4774-9575-45B7AB800FDB}.Release|Any CPU.Build.0 = Release|Any CPU
		{8BC7D427-89DA-4346-8F2E-4C9AA7056183}.Debug|Any CPU.ActiveCfg = Debug|Any CPU
		{8BC7D427-89DA-4346-8F2E-4C9AA7056183}.Debug|Any CPU.Build.0 = Debug|Any CPU
		{8BC7D427-89DA-4346-8F2E-4C9AA7056183}.Release|Any CPU.ActiveCfg = Release|Any CPU
		{8BC7D427-89DA-4346-8F2E-4C9AA7056183}.Release|Any CPU.Build.0 = Release|Any CPU
		{CA262019-11C8-4F44-8394-1A5887B5E832}.Debug|Any CPU.ActiveCfg = Debug|Any CPU
		{CA262019-11C8-4F44-8394-1A5887B5E832}.Debug|Any CPU.Build.0 = Debug|Any CPU
		{CA262019-11C8-4F44-8394-1A5887B5E832}.Release|Any CPU.ActiveCfg = Release|Any CPU
		{CA262019-11C8-4F44-8394-1A5887B5E832}.Release|Any CPU.Build.0 = Release|Any CPU
	EndGlobalSection
EndGlobal
